// !$*UTF8*$!
{
	archiveVersion = 1;
	classes = {
	};
	objectVersion = 46;
	objects = {

/* Begin PBXBuildFile section */
		A32C1C1D1D290C92007E0E63 /* main.m in Sources */ = {isa = PBXBuildFile; fileRef = A32C1C1C1D290C92007E0E63 /* main.m */; };
		A32C1C201D290C92007E0E63 /* AppDelegate.m in Sources */ = {isa = PBXBuildFile; fileRef = A32C1C1F1D290C92007E0E63 /* AppDelegate.m */; };
		A32C1C231D290C92007E0E63 /* ViewController.m in Sources */ = {isa = PBXBuildFile; fileRef = A32C1C221D290C92007E0E63 /* ViewController.m */; };
		A32C1C261D290C92007E0E63 /* Main.storyboard in Resources */ = {isa = PBXBuildFile; fileRef = A32C1C241D290C92007E0E63 /* Main.storyboard */; };
		A32C1C281D290C92007E0E63 /* Assets.xcassets in Resources */ = {isa = PBXBuildFile; fileRef = A32C1C271D290C92007E0E63 /* Assets.xcassets */; };
		A32C1C2B1D290C92007E0E63 /* LaunchScreen.storyboard in Resources */ = {isa = PBXBuildFile; fileRef = A32C1C291D290C92007E0E63 /* LaunchScreen.storyboard */; };
		A32C1C361D290C93007E0E63 /* FirstProjectTests.m in Sources */ = {isa = PBXBuildFile; fileRef = A32C1C351D290C93007E0E63 /* FirstProjectTests.m */; };
		A32C1C411D290C93007E0E63 /* FirstProjectUITests.m in Sources */ = {isa = PBXBuildFile; fileRef = A32C1C401D290C93007E0E63 /* FirstProjectUITests.m */; };
/* End PBXBuildFile section */

/* Begin PBXContainerItemProxy section */
		A32C1C321D290C93007E0E63 /* PBXContainerItemProxy */ = {
			isa = PBXContainerItemProxy;
			containerPortal = A32C1C101D290C92007E0E63 /* Project object */;
			proxyType = 1;
			remoteGlobalIDString = A32C1C171D290C92007E0E63;
			remoteInfo = FirstProject;
		};
		A32C1C3D1D290C93007E0E63 /* PBXContainerItemProxy */ = {
			isa = PBXContainerItemProxy;
			containerPortal = A32C1C101D290C92007E0E63 /* Project object */;
			proxyType = 1;
			remoteGlobalIDString = A32C1C171D290C92007E0E63;
			remoteInfo = FirstProject;
		};
/* End PBXContainerItemProxy section */

/* Begin PBXFileReference section */
		A32C1C181D290C92007E0E63 /* FirstProject.app */ = {isa = PBXFileReference; explicitFileType = wrapper.application; includeInIndex = 0; path = FirstProject.app; sourceTree = BUILT_PRODUCTS_DIR; };
		A32C1C1C1D290C92007E0E63 /* main.m */ = {isa = PBXFileReference; lastKnownFileType = sourcecode.c.objc; path = main.m; sourceTree = "<group>"; };
		A32C1C1E1D290C92007E0E63 /* AppDelegate.h */ = {isa = PBXFileReference; lastKnownFileType = sourcecode.c.h; path = AppDelegate.h; sourceTree = "<group>"; };
		A32C1C1F1D290C92007E0E63 /* AppDelegate.m */ = {isa = PBXFileReference; lastKnownFileType = sourcecode.c.objc; path = AppDelegate.m; sourceTree = "<group>"; };
		A32C1C211D290C92007E0E63 /* ViewController.h */ = {isa = PBXFileReference; lastKnownFileType = sourcecode.c.h; path = ViewController.h; sourceTree = "<group>"; };
		A32C1C221D290C92007E0E63 /* ViewController.m */ = {isa = PBXFileReference; lastKnownFileType = sourcecode.c.objc; path = ViewController.m; sourceTree = "<group>"; };
		A32C1C251D290C92007E0E63 /* Base */ = {isa = PBXFileReference; lastKnownFileType = file.storyboard; name = Base; path = Base.lproj/Main.storyboard; sourceTree = "<group>"; };
		A32C1C271D290C92007E0E63 /* Assets.xcassets */ = {isa = PBXFileReference; lastKnownFileType = folder.assetcatalog; path = Assets.xcassets; sourceTree = "<group>"; };
		A32C1C2A1D290C92007E0E63 /* Base */ = {isa = PBXFileReference; lastKnownFileType = file.storyboard; name = Base; path = Base.lproj/LaunchScreen.storyboard; sourceTree = "<group>"; };
		A32C1C2C1D290C92007E0E63 /* Info.plist */ = {isa = PBXFileReference; lastKnownFileType = text.plist.xml; path = Info.plist; sourceTree = "<group>"; };
		A32C1C311D290C93007E0E63 /* FirstProjectTests.xctest */ = {isa = PBXFileReference; explicitFileType = wrapper.cfbundle; includeInIndex = 0; path = FirstProjectTests.xctest; sourceTree = BUILT_PRODUCTS_DIR; };
		A32C1C351D290C93007E0E63 /* FirstProjectTests.m */ = {isa = PBXFileReference; lastKnownFileType = sourcecode.c.objc; path = FirstProjectTests.m; sourceTree = "<group>"; };
		A32C1C371D290C93007E0E63 /* Info.plist */ = {isa = PBXFileReference; lastKnownFileType = text.plist.xml; path = Info.plist; sourceTree = "<group>"; };
		A32C1C3C1D290C93007E0E63 /* FirstProjectUITests.xctest */ = {isa = PBXFileReference; explicitFileType = wrapper.cfbundle; includeInIndex = 0; path = FirstProjectUITests.xctest; sourceTree = BUILT_PRODUCTS_DIR; };
		A32C1C401D290C93007E0E63 /* FirstProjectUITests.m */ = {isa = PBXFileReference; lastKnownFileType = sourcecode.c.objc; path = FirstProjectUITests.m; sourceTree = "<group>"; };
		A32C1C421D290C93007E0E63 /* Info.plist */ = {isa = PBXFileReference; lastKnownFileType = text.plist.xml; path = Info.plist; sourceTree = "<group>"; };
/* End PBXFileReference section */

/* Begin PBXFrameworksBuildPhase section */
		A32C1C151D290C92007E0E63 /* Frameworks */ = {
			isa = PBXFrameworksBuildPhase;
			buildActionMask = 2147483647;
			files = (
			);
			runOnlyForDeploymentPostprocessing = 0;
		};
		A32C1C2E1D290C93007E0E63 /* Frameworks */ = {
			isa = PBXFrameworksBuildPhase;
			buildActionMask = 2147483647;
			files = (
			);
			runOnlyForDeploymentPostprocessing = 0;
		};
		A32C1C391D290C93007E0E63 /* Frameworks */ = {
			isa = PBXFrameworksBuildPhase;
			buildActionMask = 2147483647;
			files = (
			);
			runOnlyForDeploymentPostprocessing = 0;
		};
/* End PBXFrameworksBuildPhase section */

/* Begin PBXGroup section */
		A32C1C0F1D290C92007E0E63 = {
			isa = PBXGroup;
			children = (
				A32C1C1A1D290C92007E0E63 /* FirstProject */,
				A32C1C341D290C93007E0E63 /* FirstProjectTests */,
				A32C1C3F1D290C93007E0E63 /* FirstProjectUITests */,
				A32C1C191D290C92007E0E63 /* Products */,
			);
			sourceTree = "<group>";
		};
		A32C1C191D290C92007E0E63 /* Products */ = {
			isa = PBXGroup;
			children = (
				A32C1C181D290C92007E0E63 /* FirstProject.app */,
				A32C1C311D290C93007E0E63 /* FirstProjectTests.xctest */,
				A32C1C3C1D290C93007E0E63 /* FirstProjectUITests.xctest */,
			);
			name = Products;
			sourceTree = "<group>";
		};
		A32C1C1A1D290C92007E0E63 /* FirstProject */ = {
			isa = PBXGroup;
			children = (
				A32C1C1E1D290C92007E0E63 /* AppDelegate.h */,
				A32C1C1F1D290C92007E0E63 /* AppDelegate.m */,
				A32C1C211D290C92007E0E63 /* ViewController.h */,
				A32C1C221D290C92007E0E63 /* ViewController.m */,
				A32C1C241D290C92007E0E63 /* Main.storyboard */,
				A32C1C271D290C92007E0E63 /* Assets.xcassets */,
				A32C1C291D290C92007E0E63 /* LaunchScreen.storyboard */,
				A32C1C2C1D290C92007E0E63 /* Info.plist */,
				A32C1C1B1D290C92007E0E63 /* Supporting Files */,
			);
			path = FirstProject;
			sourceTree = "<group>";
		};
		A32C1C1B1D290C92007E0E63 /* Supporting Files */ = {
			isa = PBXGroup;
			children = (
				A32C1C1C1D290C92007E0E63 /* main.m */,
			);
			name = "Supporting Files";
			sourceTree = "<group>";
		};
		A32C1C341D290C93007E0E63 /* FirstProjectTests */ = {
			isa = PBXGroup;
			children = (
				A32C1C351D290C93007E0E63 /* FirstProjectTests.m */,
				A32C1C371D290C93007E0E63 /* Info.plist */,
			);
			path = FirstProjectTests;
			sourceTree = "<group>";
		};
		A32C1C3F1D290C93007E0E63 /* FirstProjectUITests */ = {
			isa = PBXGroup;
			children = (
				A32C1C401D290C93007E0E63 /* FirstProjectUITests.m */,
				A32C1C421D290C93007E0E63 /* Info.plist */,
			);
			path = FirstProjectUITests;
			sourceTree = "<group>";
		};
/* End PBXGroup section */

/* Begin PBXNativeTarget section */
		A32C1C171D290C92007E0E63 /* FirstProject */ = {
			isa = PBXNativeTarget;
			buildConfigurationList = A32C1C451D290C93007E0E63 /* Build configuration list for PBXNativeTarget "FirstProject" */;
			buildPhases = (
				A32C1C141D290C92007E0E63 /* Sources */,
				A32C1C151D290C92007E0E63 /* Frameworks */,
				A32C1C161D290C92007E0E63 /* Resources */,
			);
			buildRules = (
			);
			dependencies = (
			);
			name = FirstProject;
			productName = FirstProject;
			productReference = A32C1C181D290C92007E0E63 /* FirstProject.app */;
			productType = "com.apple.product-type.application";
		};
		A32C1C301D290C93007E0E63 /* FirstProjectTests */ = {
			isa = PBXNativeTarget;
			buildConfigurationList = A32C1C481D290C93007E0E63 /* Build configuration list for PBXNativeTarget "FirstProjectTests" */;
			buildPhases = (
				A32C1C2D1D290C93007E0E63 /* Sources */,
				A32C1C2E1D290C93007E0E63 /* Frameworks */,
				A32C1C2F1D290C93007E0E63 /* Resources */,
			);
			buildRules = (
			);
			dependencies = (
				A32C1C331D290C93007E0E63 /* PBXTargetDependency */,
			);
			name = FirstProjectTests;
			productName = FirstProjectTests;
			productReference = A32C1C311D290C93007E0E63 /* FirstProjectTests.xctest */;
			productType = "com.apple.product-type.bundle.unit-test";
		};
		A32C1C3B1D290C93007E0E63 /* FirstProjectUITests */ = {
			isa = PBXNativeTarget;
			buildConfigurationList = A32C1C4B1D290C93007E0E63 /* Build configuration list for PBXNativeTarget "FirstProjectUITests" */;
			buildPhases = (
				A32C1C381D290C93007E0E63 /* Sources */,
				A32C1C391D290C93007E0E63 /* Frameworks */,
				A32C1C3A1D290C93007E0E63 /* Resources */,
			);
			buildRules = (
			);
			dependencies = (
				A32C1C3E1D290C93007E0E63 /* PBXTargetDependency */,
			);
			name = FirstProjectUITests;
			productName = FirstProjectUITests;
			productReference = A32C1C3C1D290C93007E0E63 /* FirstProjectUITests.xctest */;
			productType = "com.apple.product-type.bundle.ui-testing";
		};
/* End PBXNativeTarget section */

/* Begin PBXProject section */
		A32C1C101D290C92007E0E63 /* Project object */ = {
			isa = PBXProject;
			attributes = {
				LastUpgradeCheck = 0720;
				ORGANIZATIONNAME = nding;
				TargetAttributes = {
					A32C1C171D290C92007E0E63 = {
						CreatedOnToolsVersion = 7.2.1;
					};
					A32C1C301D290C93007E0E63 = {
						CreatedOnToolsVersion = 7.2.1;
						TestTargetID = A32C1C171D290C92007E0E63;
					};
					A32C1C3B1D290C93007E0E63 = {
						CreatedOnToolsVersion = 7.2.1;
						TestTargetID = A32C1C171D290C92007E0E63;
					};
				};
			};
			buildConfigurationList = A32C1C131D290C92007E0E63 /* Build configuration list for PBXProject "FirstProject" */;
			compatibilityVersion = "Xcode 3.2";
			developmentRegion = English;
			hasScannedForEncodings = 0;
			knownRegions = (
				en,
				Base,
			);
			mainGroup = A32C1C0F1D290C92007E0E63;
			productRefGroup = A32C1C191D290C92007E0E63 /* Products */;
			projectDirPath = "";
			projectRoot = "";
			targets = (
				A32C1C171D290C92007E0E63 /* FirstProject */,
				A32C1C301D290C93007E0E63 /* FirstProjectTests */,
				A32C1C3B1D290C93007E0E63 /* FirstProjectUITests */,
			);
		};
/* End PBXProject section */

/* Begin PBXResourcesBuildPhase section */
		A32C1C161D290C92007E0E63 /* Resources */ = {
			isa = PBXResourcesBuildPhase;
			buildActionMask = 2147483647;
			files = (
				A32C1C2B1D290C92007E0E63 /* LaunchScreen.storyboard in Resources */,
				A32C1C281D290C92007E0E63 /* Assets.xcassets in Resources */,
				A32C1C261D290C92007E0E63 /* Main.storyboard in Resources */,
			);
			runOnlyForDeploymentPostprocessing = 0;
		};
		A32C1C2F1D290C93007E0E63 /* Resources */ = {
			isa = PBXResourcesBuildPhase;
			buildActionMask = 2147483647;
			files = (
			);
			runOnlyForDeploymentPostprocessing = 0;
		};
		A32C1C3A1D290C93007E0E63 /* Resources */ = {
			isa = PBXResourcesBuildPhase;
			buildActionMask = 2147483647;
			files = (
			);
			runOnlyForDeploymentPostprocessing = 0;
		};
/* End PBXResourcesBuildPhase section */

/* Begin PBXSourcesBuildPhase section */
		A32C1C141D290C92007E0E63 /* Sources */ = {
			isa = PBXSourcesBuildPhase;
			buildActionMask = 2147483647;
			files = (
				A32C1C231D290C92007E0E63 /* ViewController.m in Sources */,
				A32C1C201D290C92007E0E63 /* AppDelegate.m in Sources */,
				A32C1C1D1D290C92007E0E63 /* main.m in Sources */,
			);
			runOnlyForDeploymentPostprocessing = 0;
		};
		A32C1C2D1D290C93007E0E63 /* Sources */ = {
			isa = PBXSourcesBuildPhase;
			buildActionMask = 2147483647;
			files = (
				A32C1C361D290C93007E0E63 /* FirstProjectTests.m in Sources */,
			);
			runOnlyForDeploymentPostprocessing = 0;
		};
		A32C1C381D290C93007E0E63 /* Sources */ = {
			isa = PBXSourcesBuildPhase;
			buildActionMask = 2147483647;
			files = (
				A32C1C411D290C93007E0E63 /* FirstProjectUITests.m in Sources */,
			);
			runOnlyForDeploymentPostprocessing = 0;
		};
/* End PBXSourcesBuildPhase section */

/* Begin PBXTargetDependency section */
		A32C1C331D290C93007E0E63 /* PBXTargetDependency */ = {
			isa = PBXTargetDependency;
			target = A32C1C171D290C92007E0E63 /* FirstProject */;
			targetProxy = A32C1C321D290C93007E0E63 /* PBXContainerItemProxy */;
		};
		A32C1C3E1D290C93007E0E63 /* PBXTargetDependency */ = {
			isa = PBXTargetDependency;
			target = A32C1C171D290C92007E0E63 /* FirstProject */;
			targetProxy = A32C1C3D1D290C93007E0E63 /* PBXContainerItemProxy */;
		};
/* End PBXTargetDependency section */

/* Begin PBXVariantGroup section */
		A32C1C241D290C92007E0E63 /* Main.storyboard */ = {
			isa = PBXVariantGroup;
			children = (
				A32C1C251D290C92007E0E63 /* Base */,
			);
			name = Main.storyboard;
			sourceTree = "<group>";
		};
		A32C1C291D290C92007E0E63 /* LaunchScreen.storyboard */ = {
			isa = PBXVariantGroup;
			children = (
				A32C1C2A1D290C92007E0E63 /* Base */,
			);
			name = LaunchScreen.storyboard;
			sourceTree = "<group>";
		};
/* End PBXVariantGroup section */

/* Begin XCBuildConfiguration section */
		A32C1C431D290C93007E0E63 /* Debug */ = {
			isa = XCBuildConfiguration;
			buildSettings = {
				ALWAYS_SEARCH_USER_PATHS = NO;
				CLANG_CXX_LANGUAGE_STANDARD = "gnu++0x";
				CLANG_CXX_LIBRARY = "libc++";
				CLANG_ENABLE_MODULES = YES;
				CLANG_ENABLE_OBJC_ARC = YES;
				CLANG_WARN_BOOL_CONVERSION = YES;
				CLANG_WARN_CONSTANT_CONVERSION = YES;
				CLANG_WARN_DIRECT_OBJC_ISA_USAGE = YES_ERROR;
				CLANG_WARN_EMPTY_BODY = YES;
				CLANG_WARN_ENUM_CONVERSION = YES;
				CLANG_WARN_INT_CONVERSION = YES;
				CLANG_WARN_OBJC_ROOT_CLASS = YES_ERROR;
				CLANG_WARN_UNREACHABLE_CODE = YES;
				CLANG_WARN__DUPLICATE_METHOD_MATCH = YES;
				"CODE_SIGN_IDENTITY[sdk=iphoneos*]" = "iPhone Developer";
				COPY_PHASE_STRIP = NO;
				DEBUG_INFORMATION_FORMAT = dwarf;
				ENABLE_STRICT_OBJC_MSGSEND = YES;
				ENABLE_TESTABILITY = YES;
				GCC_C_LANGUAGE_STANDARD = gnu99;
				GCC_DYNAMIC_NO_PIC = NO;
				GCC_NO_COMMON_BLOCKS = YES;
				GCC_OPTIMIZATION_LEVEL = 0;
				GCC_PREPROCESSOR_DEFINITIONS = (
					"DEBUG=1",
					"$(inherited)",
				);
				GCC_WARN_64_TO_32_BIT_CONVERSION = YES;
				GCC_WARN_ABOUT_RETURN_TYPE = YES_ERROR;
				GCC_WARN_UNDECLARED_SELECTOR = YES;
				GCC_WARN_UNINITIALIZED_AUTOS = YES_AGGRESSIVE;
				GCC_WARN_UNUSED_FUNCTION = YES;
				GCC_WARN_UNUSED_VARIABLE = YES;
				IPHONEOS_DEPLOYMENT_TARGET = 9.2;
				MTL_ENABLE_DEBUG_INFO = YES;
				ONLY_ACTIVE_ARCH = YES;
				SDKROOT = iphoneos;
				TARGETED_DEVICE_FAMILY = "1,2";
			};
			name = Debug;
		};
		A32C1C441D290C93007E0E63 /* Release */ = {
			isa = XCBuildConfiguration;
			buildSettings = {
				ALWAYS_SEARCH_USER_PATHS = NO;
				CLANG_CXX_LANGUAGE_STANDARD = "gnu++0x";
				CLANG_CXX_LIBRARY = "libc++";
				CLANG_ENABLE_MODULES = YES;
				CLANG_ENABLE_OBJC_ARC = YES;
				CLANG_WARN_BOOL_CONVERSION = YES;
				CLANG_WARN_CONSTANT_CONVERSION = YES;
				CLANG_WARN_DIRECT_OBJC_ISA_USAGE = YES_ERROR;
				CLANG_WARN_EMPTY_BODY = YES;
				CLANG_WARN_ENUM_CONVERSION = YES;
				CLANG_WARN_INT_CONVERSION = YES;
				CLANG_WARN_OBJC_ROOT_CLASS = YES_ERROR;
				CLANG_WARN_UNREACHABLE_CODE = YES;
				CLANG_WARN__DUPLICATE_METHOD_MATCH = YES;
				"CODE_SIGN_IDENTITY[sdk=iphoneos*]" = "iPhone Developer";
				COPY_PHASE_STRIP = NO;
				DEBUG_INFORMATION_FORMAT = "dwarf-with-dsym";
				ENABLE_NS_ASSERTIONS = NO;
				ENABLE_STRICT_OBJC_MSGSEND = YES;
				GCC_C_LANGUAGE_STANDARD = gnu99;
				GCC_NO_COMMON_BLOCKS = YES;
				GCC_WARN_64_TO_32_BIT_CONVERSION = YES;
				GCC_WARN_ABOUT_RETURN_TYPE = YES_ERROR;
				GCC_WARN_UNDECLARED_SELECTOR = YES;
				GCC_WARN_UNINITIALIZED_AUTOS = YES_AGGRESSIVE;
				GCC_WARN_UNUSED_FUNCTION = YES;
				GCC_WARN_UNUSED_VARIABLE = YES;
				IPHONEOS_DEPLOYMENT_TARGET = 9.2;
				MTL_ENABLE_DEBUG_INFO = NO;
				SDKROOT = iphoneos;
				TARGETED_DEVICE_FAMILY = "1,2";
				VALIDATE_PRODUCT = YES;
			};
			name = Release;
		};
		A32C1C461D290C93007E0E63 /* Debug */ = {
			isa = XCBuildConfiguration;
			buildSettings = {
				ASSETCATALOG_COMPILER_APPICON_NAME = AppIcon;
				INFOPLIST_FILE = FirstProject/Info.plist;
				LD_RUNPATH_SEARCH_PATHS = "$(inherited) @executable_path/Frameworks";
				PRODUCT_BUNDLE_IDENTIFIER = nDingFamily.FirstProject;
				PRODUCT_NAME = "$(TARGET_NAME)";
			};
			name = Debug;
		};
		A32C1C471D290C93007E0E63 /* Release */ = {
			isa = XCBuildConfiguration;
			buildSettings = {
				ASSETCATALOG_COMPILER_APPICON_NAME = AppIcon;
				INFOPLIST_FILE = FirstProject/Info.plist;
				LD_RUNPATH_SEARCH_PATHS = "$(inherited) @executable_path/Frameworks";
				PRODUCT_BUNDLE_IDENTIFIER = nDingFamily.FirstProject;
				PRODUCT_NAME = "$(TARGET_NAME)";
			};
			name = Release;
		};
		A32C1C491D290C93007E0E63 /* Debug */ = {
			isa = XCBuildConfiguration;
			buildSettings = {
				BUNDLE_LOADER = "$(TEST_HOST)";
				INFOPLIST_FILE = FirstProjectTests/Info.plist;
				LD_RUNPATH_SEARCH_PATHS = "$(inherited) @executable_path/Frameworks @loader_path/Frameworks";
				PRODUCT_BUNDLE_IDENTIFIER = nDingFamily.FirstProjectTests;
				PRODUCT_NAME = "$(TARGET_NAME)";
				TEST_HOST = "$(BUILT_PRODUCTS_DIR)/FirstProject.app/FirstProject";
			};
			name = Debug;
		};
		A32C1C4A1D290C93007E0E63 /* Release */ = {
			isa = XCBuildConfiguration;
			buildSettings = {
				BUNDLE_LOADER = "$(TEST_HOST)";
				INFOPLIST_FILE = FirstProjectTests/Info.plist;
				LD_RUNPATH_SEARCH_PATHS = "$(inherited) @executable_path/Frameworks @loader_path/Frameworks";
				PRODUCT_BUNDLE_IDENTIFIER = nDingFamily.FirstProjectTests;
				PRODUCT_NAME = "$(TARGET_NAME)";
				TEST_HOST = "$(BUILT_PRODUCTS_DIR)/FirstProject.app/FirstProject";
			};
			name = Release;
		};
		A32C1C4C1D290C93007E0E63 /* Debug */ = {
			isa = XCBuildConfiguration;
			buildSettings = {
				INFOPLIST_FILE = FirstProjectUITests/Info.plist;
				LD_RUNPATH_SEARCH_PATHS = "$(inherited) @executable_path/Frameworks @loader_path/Frameworks";
				PRODUCT_BUNDLE_IDENTIFIER = nDingFamily.FirstProjectUITests;
				PRODUCT_NAME = "$(TARGET_NAME)";
				TEST_TARGET_NAME = FirstProject;
				USES_XCTRUNNER = YES;
			};
			name = Debug;
		};
		A32C1C4D1D290C93007E0E63 /* Release */ = {
			isa = XCBuildConfiguration;
			buildSettings = {
				INFOPLIST_FILE = FirstProjectUITests/Info.plist;
				LD_RUNPATH_SEARCH_PATHS = "$(inherited) @executable_path/Frameworks @loader_path/Frameworks";
				PRODUCT_BUNDLE_IDENTIFIER = nDingFamily.FirstProjectUITests;
				PRODUCT_NAME = "$(TARGET_NAME)";
				TEST_TARGET_NAME = FirstProject;
				USES_XCTRUNNER = YES;
			};
			name = Release;
		};
/* End XCBuildConfiguration section */

/* Begin XCConfigurationList section */
		A32C1C131D290C92007E0E63 /* Build configuration list for PBXProject "FirstProject" */ = {
			isa = XCConfigurationList;
			buildConfigurations = (
				A32C1C431D290C93007E0E63 /* Debug */,
				A32C1C441D290C93007E0E63 /* Release */,
			);
			defaultConfigurationIsVisible = 0;
			defaultConfigurationName = Release;
		};
		A32C1C451D290C93007E0E63 /* Build configuration list for PBXNativeTarget "FirstProject" */ = {
			isa = XCConfigurationList;
			buildConfigurations = (
				A32C1C461D290C93007E0E63 /* Debug */,
				A32C1C471D290C93007E0E63 /* Release */,
			);
			defaultConfigurationIsVisible = 0;
		};
		A32C1C481D290C93007E0E63 /* Build configuration list for PBXNativeTarget "FirstProjectTests" */ = {
			isa = XCConfigurationList;
			buildConfigurations = (
				A32C1C491D290C93007E0E63 /* Debug */,
				A32C1C4A1D290C93007E0E63 /* Release */,
			);
			defaultConfigurationIsVisible = 0;
		};
		A32C1C4B1D290C93007E0E63 /* Build configuration list for PBXNativeTarget "FirstProjectUITests" */ = {
			isa = XCConfigurationList;
			buildConfigurations = (
				A32C1C4C1D290C93007E0E63 /* Debug */,
				A32C1C4D1D290C93007E0E63 /* Release */,
			);
			defaultConfigurationIsVisible = 0;
		};
/* End XCConfigurationList section */
	};
	rootObject = A32C1C101D290C92007E0E63 /* Project object */;
}
